lockfileVersion: '9.0'

settings:
  autoInstallPeers: true
  excludeLinksFromLockfile: false

importers:

  .:
    devDependencies:
      '@biomejs/biome':
        specifier: 1.8.3
        version: 1.8.3
      lefthook:
        specifier: ^1.6.17
        version: 1.7.4

packages:

  '@biomejs/biome@1.8.3':
    resolution: {integrity: sha512-/uUV3MV+vyAczO+vKrPdOW0Iaet7UnJMU4bNMinggGJTAnBPjCoLEYcyYtYHNnUNYlv4xZMH6hVIQCAozq8d5w==}
    engines: {node: '>=14.21.3'}
    hasBin: true

  '@biomejs/cli-darwin-arm64@1.8.3':
    resolution: {integrity: sha512-9DYOjclFpKrH/m1Oz75SSExR8VKvNSSsLnVIqdnKexj6NwmiMlKk94Wa1kZEdv6MCOHGHgyyoV57Cw8WzL5n3A==}
    engines: {node: '>=14.21.3'}
    cpu: [arm64]
    os: [darwin]

  '@biomejs/cli-darwin-x64@1.8.3':
    resolution: {integrity: sha512-UeW44L/AtbmOF7KXLCoM+9PSgPo0IDcyEUfIoOXYeANaNXXf9mLUwV1GeF2OWjyic5zj6CnAJ9uzk2LT3v/wAw==}
    engines: {node: '>=14.21.3'}
    cpu: [x64]
    os: [darwin]

  '@biomejs/cli-linux-arm64-musl@1.8.3':
    resolution: {integrity: sha512-9yjUfOFN7wrYsXt/T/gEWfvVxKlnh3yBpnScw98IF+oOeCYb5/b/+K7YNqKROV2i1DlMjg9g/EcN9wvj+NkMuQ==}
    engines: {node: '>=14.21.3'}
    cpu: [arm64]
    os: [linux]

  '@biomejs/cli-linux-arm64@1.8.3':
    resolution: {integrity: sha512-fed2ji8s+I/m8upWpTJGanqiJ0rnlHOK3DdxsyVLZQ8ClY6qLuPc9uehCREBifRJLl/iJyQpHIRufLDeotsPtw==}
    engines: {node: '>=14.21.3'}
    cpu: [arm64]
    os: [linux]

  '@biomejs/cli-linux-x64-musl@1.8.3':
    resolution: {integrity: sha512-UHrGJX7PrKMKzPGoEsooKC9jXJMa28TUSMjcIlbDnIO4EAavCoVmNQaIuUSH0Ls2mpGMwUIf+aZJv657zfWWjA==}
    engines: {node: '>=14.21.3'}
    cpu: [x64]
    os: [linux]

  '@biomejs/cli-linux-x64@1.8.3':
    resolution: {integrity: sha512-I8G2QmuE1teISyT8ie1HXsjFRz9L1m5n83U1O6m30Kw+kPMPSKjag6QGUn+sXT8V+XWIZxFFBoTDEDZW2KPDDw==}
    engines: {node: '>=14.21.3'}
    cpu: [x64]
    os: [linux]

  '@biomejs/cli-win32-arm64@1.8.3':
    resolution: {integrity: sha512-J+Hu9WvrBevfy06eU1Na0lpc7uR9tibm9maHynLIoAjLZpQU3IW+OKHUtyL8p6/3pT2Ju5t5emReeIS2SAxhkQ==}
    engines: {node: '>=14.21.3'}
    cpu: [arm64]
    os: [win32]

  '@biomejs/cli-win32-x64@1.8.3':
    resolution: {integrity: sha512-/PJ59vA1pnQeKahemaQf4Nyj7IKUvGQSc3Ze1uIGi+Wvr1xF7rGobSrAAG01T/gUDG21vkDsZYM03NAmPiVkqg==}
    engines: {node: '>=14.21.3'}
    cpu: [x64]
    os: [win32]

  lefthook-darwin-arm64@1.7.4:
    resolution: {integrity: sha512-6XpenaP0W7ZYA3lhHey/C1U+KmYz6eCq2cGswQsrTX+xdtHdWW3NbbOKngxATRTF8+CtF6m9UB2afP7qqkCghQ==}
    cpu: [arm64]
    os: [darwin]

  lefthook-darwin-x64@1.7.4:
    resolution: {integrity: sha512-lpQXbPMHiaWE7+9fV+spjuMKiZ3J/+oI6hY1/l48MO3LmSpIv6DNy0VHho1fZVQnHdBU4bDh5c1G0r1f5T0irg==}
    cpu: [x64]
    os: [darwin]

  lefthook-freebsd-arm64@1.7.4:
    resolution: {integrity: sha512-wv+JZgkD1/wi4X5aKKNodvxNcFcYmvL7uyzKkbtd/LgX5ssh9r5pO9J/71ULGtEuTXH4kqORRtez7u/ygqMEew==}
    cpu: [arm64]
    os: [freebsd]

  lefthook-freebsd-x64@1.7.4:
    resolution: {integrity: sha512-xoYR0Ay8pbyY9W9mI+iI9VDkkCVYSXhMf9XyOChSlu2XmjKiqi23hjCXvSOpvHQ7jphGvAVpE3Byijr6Xjuihw==}
    cpu: [x64]
    os: [freebsd]

  lefthook-linux-arm64@1.7.4:
    resolution: {integrity: sha512-WvXWzSM/e08n2f5lcC8j+pUMS0RzZftJK4zuBQ36TstSYXfBjWiw+FMnKCVZk6Q8Zc0icyF8sTmKQAyKCgX+UA==}
    cpu: [arm64]
    os: [linux]

  lefthook-linux-x64@1.7.4:
    resolution: {integrity: sha512-eR5NxGzqPJm3wDTm4HStwGxOZ8Omb0ooodyuQdEOxtYidLrd4U18N14huwCEFd3BAOrjIWYV8plH+ReTZE56eg==}
    cpu: [x64]
    os: [linux]

  lefthook-windows-arm64@1.7.4:
    resolution: {integrity: sha512-C+MdHH+0ylermetMHwfHsYYNI5HI6QEOx7N4Iw4Ea6c3Yuj3eG3LsAzrhsup7KLSSBmDgIHOCJUx/Mfh2z+ATw==}
    cpu: [arm64]
    os: [win32]

  lefthook-windows-x64@1.7.4:
    resolution: {integrity: sha512-BDQhiRzmMYPFQFtVtkRfUfeZuSlemG1oJfGKYXlCGFskvK9Jm1nGFnG0Ig63FAQaFdW33DFoLdr9ZKFTUQeSwQ==}
    cpu: [x64]
    os: [win32]

  lefthook@1.7.4:
    resolution: {integrity: sha512-lVv3nKH9l3KMDS3bySROvWJSw1+AsBHUO7xaA0rg1IEBZrj3+ePmM+a8elX+GU3Go1OzsZEYjo5AOOeLoZ7FQg==}
    hasBin: true

snapshots:

  '@biomejs/biome@1.8.3':
    optionalDependencies:
      '@biomejs/cli-darwin-arm64': 1.8.3
      '@biomejs/cli-darwin-x64': 1.8.3
      '@biomejs/cli-linux-arm64': 1.8.3
      '@biomejs/cli-linux-arm64-musl': 1.8.3
      '@biomejs/cli-linux-x64': 1.8.3
      '@biomejs/cli-linux-x64-musl': 1.8.3
      '@biomejs/cli-win32-arm64': 1.8.3
      '@biomejs/cli-win32-x64': 1.8.3

  '@biomejs/cli-darwin-arm64@1.8.3':
    optional: true

  '@biomejs/cli-darwin-x64@1.8.3':
    optional: true

  '@biomejs/cli-linux-arm64-musl@1.8.3':
    optional: true

  '@biomejs/cli-linux-arm64@1.8.3':
    optional: true

  '@biomejs/cli-linux-x64-musl@1.8.3':
    optional: true

  '@biomejs/cli-linux-x64@1.8.3':
    optional: true

  '@biomejs/cli-win32-arm64@1.8.3':
    optional: true

  '@biomejs/cli-win32-x64@1.8.3':
    optional: true

  lefthook-darwin-arm64@1.7.4:
    optional: true

  lefthook-darwin-x64@1.7.4:
    optional: true

  lefthook-freebsd-arm64@1.7.4:
    optional: true

  lefthook-freebsd-x64@1.7.4:
    optional: true

  lefthook-linux-arm64@1.7.4:
    optional: true

  lefthook-linux-x64@1.7.4:
    optional: true

  lefthook-windows-arm64@1.7.4:
    optional: true

  lefthook-windows-x64@1.7.4:
    optional: true

  lefthook@1.7.4:
    optionalDependencies:
      lefthook-darwin-arm64: 1.7.4
      lefthook-darwin-x64: 1.7.4
      lefthook-freebsd-arm64: 1.7.4
      lefthook-freebsd-x64: 1.7.4
      lefthook-linux-arm64: 1.7.4
      lefthook-linux-x64: 1.7.4
      lefthook-windows-arm64: 1.7.4
      lefthook-windows-x64: 1.7.4
