lockfileVersion: '9.0'

settings:
  autoInstallPeers: true
  excludeLinksFromLockfile: false

importers:

  .:
    devDependencies:
      '@biomejs/biome':
        specifier: 1.8.3
        version: 1.8.3
      lefthook:
        specifier: ^1.6.17
        version: 1.7.7

packages:

  '@biomejs/biome@1.8.3':
    resolution: {integrity: sha512-/uUV3MV+vyAczO+vKrPdOW0Iaet7UnJMU4bNMinggGJTAnBPjCoLEYcyYtYHNnUNYlv4xZMH6hVIQCAozq8d5w==}
    engines: {node: '>=14.21.3'}
    hasBin: true

  '@biomejs/cli-darwin-arm64@1.8.3':
    resolution: {integrity: sha512-9DYOjclFpKrH/m1Oz75SSExR8VKvNSSsLnVIqdnKexj6NwmiMlKk94Wa1kZEdv6MCOHGHgyyoV57Cw8WzL5n3A==}
    engines: {node: '>=14.21.3'}
    cpu: [arm64]
    os: [darwin]

  '@biomejs/cli-darwin-x64@1.8.3':
    resolution: {integrity: sha512-UeW44L/AtbmOF7KXLCoM+9PSgPo0IDcyEUfIoOXYeANaNXXf9mLUwV1GeF2OWjyic5zj6CnAJ9uzk2LT3v/wAw==}
    engines: {node: '>=14.21.3'}
    cpu: [x64]
    os: [darwin]

  '@biomejs/cli-linux-arm64-musl@1.8.3':
    resolution: {integrity: sha512-9yjUfOFN7wrYsXt/T/gEWfvVxKlnh3yBpnScw98IF+oOeCYb5/b/+K7YNqKROV2i1DlMjg9g/EcN9wvj+NkMuQ==}
    engines: {node: '>=14.21.3'}
    cpu: [arm64]
    os: [linux]

  '@biomejs/cli-linux-arm64@1.8.3':
    resolution: {integrity: sha512-fed2ji8s+I/m8upWpTJGanqiJ0rnlHOK3DdxsyVLZQ8ClY6qLuPc9uehCREBifRJLl/iJyQpHIRufLDeotsPtw==}
    engines: {node: '>=14.21.3'}
    cpu: [arm64]
    os: [linux]

  '@biomejs/cli-linux-x64-musl@1.8.3':
    resolution: {integrity: sha512-UHrGJX7PrKMKzPGoEsooKC9jXJMa28TUSMjcIlbDnIO4EAavCoVmNQaIuUSH0Ls2mpGMwUIf+aZJv657zfWWjA==}
    engines: {node: '>=14.21.3'}
    cpu: [x64]
    os: [linux]

  '@biomejs/cli-linux-x64@1.8.3':
    resolution: {integrity: sha512-I8G2QmuE1teISyT8ie1HXsjFRz9L1m5n83U1O6m30Kw+kPMPSKjag6QGUn+sXT8V+XWIZxFFBoTDEDZW2KPDDw==}
    engines: {node: '>=14.21.3'}
    cpu: [x64]
    os: [linux]

  '@biomejs/cli-win32-arm64@1.8.3':
    resolution: {integrity: sha512-J+Hu9WvrBevfy06eU1Na0lpc7uR9tibm9maHynLIoAjLZpQU3IW+OKHUtyL8p6/3pT2Ju5t5emReeIS2SAxhkQ==}
    engines: {node: '>=14.21.3'}
    cpu: [arm64]
    os: [win32]

  '@biomejs/cli-win32-x64@1.8.3':
    resolution: {integrity: sha512-/PJ59vA1pnQeKahemaQf4Nyj7IKUvGQSc3Ze1uIGi+Wvr1xF7rGobSrAAG01T/gUDG21vkDsZYM03NAmPiVkqg==}
    engines: {node: '>=14.21.3'}
    cpu: [x64]
    os: [win32]

  lefthook-darwin-arm64@1.7.7:
    resolution: {integrity: sha512-EtINYW/1jJDMSlBbCwiZhHRMwybJkuawg9/dtHMll9gE63yBTOQSoqLzjOJWioHKK9DrgAfe2Mh5+PSt0cLVRA==}
    cpu: [arm64]
    os: [darwin]

  lefthook-darwin-x64@1.7.7:
    resolution: {integrity: sha512-77fHVtvLeInztn88fZOsiNMlP5Ql6eG8D233k1G1zndRxwCnVVlB6GVLC/0SRmdE9cR7U66CSphN6EClZrvyHQ==}
    cpu: [x64]
    os: [darwin]

  lefthook-freebsd-arm64@1.7.7:
    resolution: {integrity: sha512-y2+T2ONfr9DYxyx1JGItBf1ARGx0RJcAOn9pEfSN1LrEOAvcVlQKDE8+evdmt8uhMo5TVi+gFe1tdtsIbsiQTA==}
    cpu: [arm64]
    os: [freebsd]

  lefthook-freebsd-x64@1.7.7:
    resolution: {integrity: sha512-6zbprxvq7bBG7ihSA1R/GCC5iN+q9tbjQXKiOI+d63F/Oo5ld/kF5fIZv50K39ujx1Ykdmg5llEIBeDEHuybZQ==}
    cpu: [x64]
    os: [freebsd]

  lefthook-linux-arm64@1.7.7:
    resolution: {integrity: sha512-bUpDortnX1ACCd38uv2+I9vdsyP9Oe9FXZ4E/xX8nl+hnkgC80/nv1KxRI7MlaDdb1z4VgEO/0pT2OU1nM1C/A==}
    cpu: [arm64]
    os: [linux]

  lefthook-linux-x64@1.7.7:
    resolution: {integrity: sha512-8dEuO0AzQkWFKSRvd2rzb/LtmgtEoQHhzgTANeq/2EyWgcfVb62b/qib75oZ0m9W4uvRvqTiLdaGELoS8ohWGA==}
    cpu: [x64]
    os: [linux]

  lefthook-windows-arm64@1.7.7:
    resolution: {integrity: sha512-ZO45ynUnMPm+I8xGgmSc5BqtfByRJSRrhjXQ2lwNE9V+Zl3oMjCMPrs+3KLmrnKxi/k2bq/VHY86XvIhRo7o+g==}
    cpu: [arm64]
    os: [win32]

  lefthook-windows-x64@1.7.7:
    resolution: {integrity: sha512-z4/MxR+GMYZwgCxvLPGU4ebuXNUFdJrtrsAxMVbCw0LU/n7VCP+nfdaxcGO6ELqd4OOfpJCpBhzkvupFefmhhw==}
    cpu: [x64]
    os: [win32]

  lefthook@1.7.7:
    resolution: {integrity: sha512-b1giMxEuEb4MBcSkrEpQSFs5W9+vPlahAltxhWCqqarNzz8oisD4bMA/UGYAn/lvUhhC6oFo98zetQNpvjXp5Q==}
    hasBin: true

snapshots:

  '@biomejs/biome@1.8.3':
    optionalDependencies:
      '@biomejs/cli-darwin-arm64': 1.8.3
      '@biomejs/cli-darwin-x64': 1.8.3
      '@biomejs/cli-linux-arm64': 1.8.3
      '@biomejs/cli-linux-arm64-musl': 1.8.3
      '@biomejs/cli-linux-x64': 1.8.3
      '@biomejs/cli-linux-x64-musl': 1.8.3
      '@biomejs/cli-win32-arm64': 1.8.3
      '@biomejs/cli-win32-x64': 1.8.3

  '@biomejs/cli-darwin-arm64@1.8.3':
    optional: true

  '@biomejs/cli-darwin-x64@1.8.3':
    optional: true

  '@biomejs/cli-linux-arm64-musl@1.8.3':
    optional: true

  '@biomejs/cli-linux-arm64@1.8.3':
    optional: true

  '@biomejs/cli-linux-x64-musl@1.8.3':
    optional: true

  '@biomejs/cli-linux-x64@1.8.3':
    optional: true

  '@biomejs/cli-win32-arm64@1.8.3':
    optional: true

  '@biomejs/cli-win32-x64@1.8.3':
    optional: true

  lefthook-darwin-arm64@1.7.7:
    optional: true

  lefthook-darwin-x64@1.7.7:
    optional: true

  lefthook-freebsd-arm64@1.7.7:
    optional: true

  lefthook-freebsd-x64@1.7.7:
    optional: true

  lefthook-linux-arm64@1.7.7:
    optional: true

  lefthook-linux-x64@1.7.7:
    optional: true

  lefthook-windows-arm64@1.7.7:
    optional: true

  lefthook-windows-x64@1.7.7:
    optional: true

  lefthook@1.7.7:
    optionalDependencies:
      lefthook-darwin-arm64: 1.7.7
      lefthook-darwin-x64: 1.7.7
      lefthook-freebsd-arm64: 1.7.7
      lefthook-freebsd-x64: 1.7.7
      lefthook-linux-arm64: 1.7.7
      lefthook-linux-x64: 1.7.7
      lefthook-windows-arm64: 1.7.7
      lefthook-windows-x64: 1.7.7
